
Microsoft Visual Studio Solution File, Format Version 12.00
# Visual Studio Version 17
VisualStudioVersion = 17.14.36105.17 d17.14
MinimumVisualStudioVersion = 10.0.40219.1
Project("{FAE04EC0-301F-11D3-BF4B-00C04F79EFBC}") = "BoardBackend", "BoardBackend.csproj", "{869DABB0-C47F-4569-B83E-20A0E901EBCE}"
EndProject
Global
	GlobalSection(SolutionConfigurationPlatforms) = preSolution
		Debug|Any CPU = Debug|Any CPU
		Release|Any CPU = Release|Any CPU
	EndGlobalSection
	GlobalSection(ProjectConfigurationPlatforms) = postSolution
		{869DABB0-C47F-4569-B83E-20A0E901EBCE}.Debug|Any CPU.ActiveCfg = Debug|Any CPU
		{869DABB0-C47F-4569-B83E-20A0E901EBCE}.Debug|Any CPU.Build.0 = Debug|Any CPU
		{869DABB0-C47F-4569-B83E-20A0E901EBCE}.Release|Any CPU.ActiveCfg = Release|Any CPU
		{869DABB0-C47F-4569-B83E-20A0E901EBCE}.Release|Any CPU.Build.0 = Release|Any CPU
	EndGlobalSection
	GlobalSection(SolutionProperties) = preSolution
		HideSolutionNode = FALSE
	EndGlobalSection
	GlobalSection(ExtensibilityGlobals) = postSolution
		SolutionGuid = {5C9222FE-EFD3-4F4B-ACFE-1DFA42150103}
	EndGlobalSection
EndGlobal
